
Microsoft Visual Studio Solution File, Format Version 12.00
# Visual Studio Version 16
VisualStudioVersion = 16.0.30907.101
MinimumVisualStudioVersion = 10.0.40219.1
Project("{FAE04EC0-301F-11D3-BF4B-00C04F79EFBC}") = "HW-Monitor-Server", "HW-Monitor-Server.csproj", "{B256E01D-3192-4D67-A67E-068544724716}"
EndProject
Global
	GlobalSection(SolutionConfigurationPlatforms) = preSolution
		Debug|Any CPU = Debug|Any CPU
		Release|Any CPU = Release|Any CPU
	EndGlobalSection
	GlobalSection(ProjectConfigurationPlatforms) = postSolution
		{B256E01D-3192-4D67-A67E-068544724716}.Debug|Any CPU.ActiveCfg = Debug|Any CPU
		{B256E01D-3192-4D67-A67E-068544724716}.Debug|Any CPU.Build.0 = Debug|Any CPU
		{B256E01D-3192-4D67-A67E-068544724716}.Release|Any CPU.ActiveCfg = Release|Any CPU
		{B256E01D-3192-4D67-A67E-068544724716}.Release|Any CPU.Build.0 = Release|Any CPU
	EndGlobalSection
	GlobalSection(SolutionProperties) = preSolution
		HideSolutionNode = FALSE
	EndGlobalSection
	GlobalSection(ExtensibilityGlobals) = postSolution
		SolutionGuid = {5DC5BAA5-93C5-4B1C-A9E5-56DB7332952C}
	EndGlobalSection
EndGlobal
